
Microsoft Visual Studio Solution File, Format Version 12.00
# Visual Studio Version 17
VisualStudioVersion = 17.9.34622.214
MinimumVisualStudioVersion = 10.0.40219.1
Project("{FAE04EC0-301F-11D3-BF4B-00C04F79EFBC}") = "MahAppsBugDemo", "MahAppsBugDemo.csproj", "{59A985EA-D0AA-48F7-873C-45C4E088424F}"
EndProject
Global
	GlobalSection(SolutionConfigurationPlatforms) = preSolution
		Debug|Any CPU = Debug|Any CPU
		Release|Any CPU = Release|Any CPU
	EndGlobalSection
	GlobalSection(ProjectConfigurationPlatforms) = postSolution
		{59A985EA-D0AA-48F7-873C-45C4E088424F}.Debug|Any CPU.ActiveCfg = Debug|Any CPU
		{59A985EA-D0AA-48F7-873C-45C4E088424F}.Debug|Any CPU.Build.0 = Debug|Any CPU
		{59A985EA-D0AA-48F7-873C-45C4E088424F}.Release|Any CPU.ActiveCfg = Release|Any CPU
		{59A985EA-D0AA-48F7-873C-45C4E088424F}.Release|Any CPU.Build.0 = Release|Any CPU
	EndGlobalSection
	GlobalSection(SolutionProperties) = preSolution
		HideSolutionNode = FALSE
	EndGlobalSection
	GlobalSection(ExtensibilityGlobals) = postSolution
		SolutionGuid = {37433337-B63F-44CC-B55E-CB608A7F243C}
	EndGlobalSection
EndGlobal
